
Microsoft Visual Studio Solution File, Format Version 12.00
# Visual Studio Version 16
VisualStudioVersion = 16.0.31624.102
MinimumVisualStudioVersion = 10.0.40219.1
Project("{9A19103F-16F7-4668-BE54-9A1E7A4F7556}") = "Reservation", "Reservation\Reservation.csproj", "{4C465AED-4264-4EF8-BCE9-FFBB093FA59E}"
EndProject
Project("{FAE04EC0-301F-11D3-BF4B-00C04F79EFBC}") = "ReservationData", "ReservationData\ReservationData.csproj", "{A8AB1EF1-E899-49A5-A71C-B7AF163A9DA0}"
EndProject
Global
	GlobalSection(SolutionConfigurationPlatforms) = preSolution
		Debug|Any CPU = Debug|Any CPU
		Release|Any CPU = Release|Any CPU
	EndGlobalSection
	GlobalSection(ProjectConfigurationPlatforms) = postSolution
		{4C465AED-4264-4EF8-BCE9-FFBB093FA59E}.Debug|Any CPU.ActiveCfg = Debug|Any CPU
		{4C465AED-4264-4EF8-BCE9-FFBB093FA59E}.Debug|Any CPU.Build.0 = Debug|Any CPU
		{4C465AED-4264-4EF8-BCE9-FFBB093FA59E}.Release|Any CPU.ActiveCfg = Release|Any CPU
		{4C465AED-4264-4EF8-BCE9-FFBB093FA59E}.Release|Any CPU.Build.0 = Release|Any CPU
		{A8AB1EF1-E899-49A5-A71C-B7AF163A9DA0}.Debug|Any CPU.ActiveCfg = Debug|Any CPU
		{A8AB1EF1-E899-49A5-A71C-B7AF163A9DA0}.Debug|Any CPU.Build.0 = Debug|Any CPU
		{A8AB1EF1-E899-49A5-A71C-B7AF163A9DA0}.Release|Any CPU.ActiveCfg = Release|Any CPU
		{A8AB1EF1-E899-49A5-A71C-B7AF163A9DA0}.Release|Any CPU.Build.0 = Release|Any CPU
	EndGlobalSection
	GlobalSection(SolutionProperties) = preSolution
		HideSolutionNode = FALSE
	EndGlobalSection
	GlobalSection(ExtensibilityGlobals) = postSolution
		SolutionGuid = {690D584C-4247-4A22-8D8B-007877803CE3}
	EndGlobalSection
EndGlobal
